
Microsoft Visual Studio Solution File, Format Version 12.00
# Visual Studio Version 17
VisualStudioVersion = 17.9.34728.123
MinimumVisualStudioVersion = 10.0.40219.1
Project("{9A19103F-16F7-4668-BE54-9A1E7A4F7556}") = "Program", "Program.csproj", "{9D036568-7E46-4521-BADB-624C8A3A4B8D}"
EndProject
Project("{9A19103F-16F7-4668-BE54-9A1E7A4F7556}") = "Class1th (Garbage Collection)", "..\Class1th (Garbage Collection)\Class1th (Garbage Collection).csproj", "{0D5FAC18-F8EC-4B00-A97E-7AB715F12C29}"
EndProject
Project("{9A19103F-16F7-4668-BE54-9A1E7A4F7556}") = "Class2th (Parameter Modifier)", "..\Class2th (Parameter Modifier)\Class2th (Parameter Modifier).csproj", "{A8EEF23E-D59C-4644-820A-87CC90A4C41F}"
EndProject
Project("{9A19103F-16F7-4668-BE54-9A1E7A4F7556}") = "Class3th (Abstract Class)", "..\Class3th (Abstract Class)\Class3th (Abstract Class).csproj", "{0B887AE8-0312-43AD-8889-005E97393CFA}"
EndProject
Project("{9A19103F-16F7-4668-BE54-9A1E7A4F7556}") = "Class4th (Interface)", "..\Class4th (Interface)\Class4th (Interface).csproj", "{4C3C089B-E3AB-460A-A90A-F914767415B9}"
EndProject
Project("{9A19103F-16F7-4668-BE54-9A1E7A4F7556}") = "Class5th (Generalization)", "..\Class5th (Generalization)\Class5th (Generalization).csproj", "{5C1B1942-1DF2-424C-B6D7-A340BBB27A41}"
EndProject
Project("{9A19103F-16F7-4668-BE54-9A1E7A4F7556}") = "Class6th (Collections)", "..\Class6th (Collections)\Class6th (Collections).csproj", "{12E7D04A-AEB4-4711-AB00-4B9D2BC7D42B}"
EndProject
Project("{9A19103F-16F7-4668-BE54-9A1E7A4F7556}") = "Class7th (Enumerator)", "..\Class7th (Enumerator)\Class7th (Enumerator).csproj", "{2CC73914-9577-41DC-8296-4E8B78BEB065}"
EndProject
Project("{9A19103F-16F7-4668-BE54-9A1E7A4F7556}") = "Class8th (Delegate)", "..\Class8th (Delegate)\Class8th (Delegate).csproj", "{659C83D6-7CFA-4F1A-B9A9-971AEB80AC01}"
EndProject
Project("{9A19103F-16F7-4668-BE54-9A1E7A4F7556}") = "Class9th (Single Responsibility Principle)", "..\Class9th (Single Responsibility Principle)\Class9th (Single Responsibility Principle).csproj", "{BA85EDC6-073E-4DFC-83E1-AB557EDA6883}"
EndProject
Project("{FAE04EC0-301F-11D3-BF4B-00C04F79EFBC}") = "Class10th (Open Closed Principle)", "..\Class10th (Open Closed Principle)\Class10th (Open Closed Principle).csproj", "{9B82E970-AF2E-4409-8983-5976EB2B6B10}"
EndProject
Project("{FAE04EC0-301F-11D3-BF4B-00C04F79EFBC}") = "Class11th (Interface Segregation Principle)", "..\Class11th (Interface Segregation Principle)\Class11th (Interface Segregation Principle).csproj", "{CFF6AD7B-84FB-4E8E-8794-BC26C27C8ED5}"
EndProject
Global
	GlobalSection(SolutionConfigurationPlatforms) = preSolution
		Debug|Any CPU = Debug|Any CPU
		Release|Any CPU = Release|Any CPU
	EndGlobalSection
	GlobalSection(ProjectConfigurationPlatforms) = postSolution
		{9D036568-7E46-4521-BADB-624C8A3A4B8D}.Debug|Any CPU.ActiveCfg = Debug|Any CPU
		{9D036568-7E46-4521-BADB-624C8A3A4B8D}.Debug|Any CPU.Build.0 = Debug|Any CPU
		{9D036568-7E46-4521-BADB-624C8A3A4B8D}.Release|Any CPU.ActiveCfg = Release|Any CPU
		{9D036568-7E46-4521-BADB-624C8A3A4B8D}.Release|Any CPU.Build.0 = Release|Any CPU
		{0D5FAC18-F8EC-4B00-A97E-7AB715F12C29}.Debug|Any CPU.ActiveCfg = Debug|Any CPU
		{0D5FAC18-F8EC-4B00-A97E-7AB715F12C29}.Debug|Any CPU.Build.0 = Debug|Any CPU
		{0D5FAC18-F8EC-4B00-A97E-7AB715F12C29}.Release|Any CPU.ActiveCfg = Release|Any CPU
		{0D5FAC18-F8EC-4B00-A97E-7AB715F12C29}.Release|Any CPU.Build.0 = Release|Any CPU
		{A8EEF23E-D59C-4644-820A-87CC90A4C41F}.Debug|Any CPU.ActiveCfg = Debug|Any CPU
		{A8EEF23E-D59C-4644-820A-87CC90A4C41F}.Debug|Any CPU.Build.0 = Debug|Any CPU
		{A8EEF23E-D59C-4644-820A-87CC90A4C41F}.Release|Any CPU.ActiveCfg = Release|Any CPU
		{A8EEF23E-D59C-4644-820A-87CC90A4C41F}.Release|Any CPU.Build.0 = Release|Any CPU
		{0B887AE8-0312-43AD-8889-005E97393CFA}.Debug|Any CPU.ActiveCfg = Debug|Any CPU
		{0B887AE8-0312-43AD-8889-005E97393CFA}.Debug|Any CPU.Build.0 = Debug|Any CPU
		{0B887AE8-0312-43AD-8889-005E97393CFA}.Release|Any CPU.ActiveCfg = Release|Any CPU
		{0B887AE8-0312-43AD-8889-005E97393CFA}.Release|Any CPU.Build.0 = Release|Any CPU
		{4C3C089B-E3AB-460A-A90A-F914767415B9}.Debug|Any CPU.ActiveCfg = Debug|Any CPU
		{4C3C089B-E3AB-460A-A90A-F914767415B9}.Debug|Any CPU.Build.0 = Debug|Any CPU
		{4C3C089B-E3AB-460A-A90A-F914767415B9}.Release|Any CPU.ActiveCfg = Release|Any CPU
		{4C3C089B-E3AB-460A-A90A-F914767415B9}.Release|Any CPU.Build.0 = Release|Any CPU
		{5C1B1942-1DF2-424C-B6D7-A340BBB27A41}.Debug|Any CPU.ActiveCfg = Debug|Any CPU
		{5C1B1942-1DF2-424C-B6D7-A340BBB27A41}.Debug|Any CPU.Build.0 = Debug|Any CPU
		{5C1B1942-1DF2-424C-B6D7-A340BBB27A41}.Release|Any CPU.ActiveCfg = Release|Any CPU
		{5C1B1942-1DF2-424C-B6D7-A340BBB27A41}.Release|Any CPU.Build.0 = Release|Any CPU
		{12E7D04A-AEB4-4711-AB00-4B9D2BC7D42B}.Debug|Any CPU.ActiveCfg = Debug|Any CPU
		{12E7D04A-AEB4-4711-AB00-4B9D2BC7D42B}.Debug|Any CPU.Build.0 = Debug|Any CPU
		{12E7D04A-AEB4-4711-AB00-4B9D2BC7D42B}.Release|Any CPU.ActiveCfg = Release|Any CPU
		{12E7D04A-AEB4-4711-AB00-4B9D2BC7D42B}.Release|Any CPU.Build.0 = Release|Any CPU
		{2CC73914-9577-41DC-8296-4E8B78BEB065}.Debug|Any CPU.ActiveCfg = Debug|Any CPU
		{2CC73914-9577-41DC-8296-4E8B78BEB065}.Debug|Any CPU.Build.0 = Debug|Any CPU
		{2CC73914-9577-41DC-8296-4E8B78BEB065}.Release|Any CPU.ActiveCfg = Release|Any CPU
		{2CC73914-9577-41DC-8296-4E8B78BEB065}.Release|Any CPU.Build.0 = Release|Any CPU
		{659C83D6-7CFA-4F1A-B9A9-971AEB80AC01}.Debug|Any CPU.ActiveCfg = Debug|Any CPU
		{659C83D6-7CFA-4F1A-B9A9-971AEB80AC01}.Debug|Any CPU.Build.0 = Debug|Any CPU
		{659C83D6-7CFA-4F1A-B9A9-971AEB80AC01}.Release|Any CPU.ActiveCfg = Release|Any CPU
		{659C83D6-7CFA-4F1A-B9A9-971AEB80AC01}.Release|Any CPU.Build.0 = Release|Any CPU
		{BA85EDC6-073E-4DFC-83E1-AB557EDA6883}.Debug|Any CPU.ActiveCfg = Debug|Any CPU
		{BA85EDC6-073E-4DFC-83E1-AB557EDA6883}.Debug|Any CPU.Build.0 = Debug|Any CPU
		{BA85EDC6-073E-4DFC-83E1-AB557EDA6883}.Release|Any CPU.ActiveCfg = Release|Any CPU
		{BA85EDC6-073E-4DFC-83E1-AB557EDA6883}.Release|Any CPU.Build.0 = Release|Any CPU
		{9B82E970-AF2E-4409-8983-5976EB2B6B10}.Debug|Any CPU.ActiveCfg = Debug|Any CPU
		{9B82E970-AF2E-4409-8983-5976EB2B6B10}.Debug|Any CPU.Build.0 = Debug|Any CPU
		{9B82E970-AF2E-4409-8983-5976EB2B6B10}.Release|Any CPU.ActiveCfg = Release|Any CPU
		{9B82E970-AF2E-4409-8983-5976EB2B6B10}.Release|Any CPU.Build.0 = Release|Any CPU
		{CFF6AD7B-84FB-4E8E-8794-BC26C27C8ED5}.Debug|Any CPU.ActiveCfg = Debug|Any CPU
		{CFF6AD7B-84FB-4E8E-8794-BC26C27C8ED5}.Debug|Any CPU.Build.0 = Debug|Any CPU
		{CFF6AD7B-84FB-4E8E-8794-BC26C27C8ED5}.Release|Any CPU.ActiveCfg = Release|Any CPU
		{CFF6AD7B-84FB-4E8E-8794-BC26C27C8ED5}.Release|Any CPU.Build.0 = Release|Any CPU
	EndGlobalSection
	GlobalSection(SolutionProperties) = preSolution
		HideSolutionNode = FALSE
	EndGlobalSection
	GlobalSection(ExtensibilityGlobals) = postSolution
		SolutionGuid = {DA07506A-4A6C-411D-BA61-939C3C01AAD4}
	EndGlobalSection
EndGlobal
